<?xml version="1.0" encoding="utf-8"?>
<Project ToolsVersion="4.0" xmlns="http://schemas.microsoft.com/developer/msbuild/2003">
  <ItemGroup>
    <Filter Include="Source Files">
      <UniqueIdentifier>{4FC737F1-C7A5-4376-A066-2A32D752A2FF}</UniqueIdentifier>
      <Extensions>cpp;c;cc;cxx;def;odl;idl;hpj;bat;asm;asmx</Extensions>
    </Filter>
    <Filter Include="Header Files">
      <UniqueIdentifier>{93995380-89BD-4b04-88EB-625FBE52EBFB}</UniqueIdentifier>
      <Extensions>h;hpp;hxx;hm;inl;inc;xsd</Extensions>
    </Filter>
    <Filter Include="Resource Files">
      <UniqueIdentifier>{67DA6AB6-F800-4c08-8B7A-83BB121AAD01}</UniqueIdentifier>
      <Extensions>rc;ico;cur;bmp;dlg;rc2;rct;bin;rgs;gif;jpg;jpeg;jpe;resx;tiff;tif;png;wav;mfcribbon-ms</Extensions>
    </Filter>
  </ItemGroup>
  <ItemGroup>
    <ClCompile Include="src\ImageProcessing.cpp">
      <Filter>Source Files</Filter>
    </ClCompile>
    <ClCompile Include="src\textfile\textfile.cpp">
      <Filter>Source Files</Filter>
    </ClCompile>
    <ClCompile Include="src\shaders\ShaderProgram.cpp">
      <Filter>Source Files</Filter>
    </ClCompile>
    <ClCompile Include="src\shaders\testIPShader\TestIPShader.cpp">
      <Filter>Source Files</Filter>
    </ClCompile>
    <ClCompile Include="src\shaders\monoColorTest\MonoColorShader.cpp">
      <Filter>Source Files</Filter>
    </ClCompile>
    <ClCompile Include="src\shaders\BrightnessShader\BrightnessShader.cpp">
      <Filter>Source Files</Filter>
    </ClCompile>
  </ItemGroup>
  <ItemGroup>
    <None Include="README" />
    <None Include="src\shaders\monoColorTest\testFragmentShader.frag" />
    <None Include="src\shaders\monoColorTest\testVertexShader.vert" />
    <None Include="src\artwork.png">
      <Filter>Resource Files</Filter>
    </None>
    <None Include="src\shaders\testIPShader\testFragmentShader.frag" />
    <None Include="src\shaders\testIPShader\testVertexShader.vert" />
    <None Include="src\shaders\BrightnessShader\BrightnessShader.frag" />
    <None Include="src\shaders\BrightnessShader\BrightnessShader.vert" />
  </ItemGroup>
  <ItemGroup>
    <ClInclude Include="src\ImageProcessing.h">
      <Filter>Header Files</Filter>
    </ClInclude>
    <ClInclude Include="src\textfile\textfile.h">
      <Filter>Header Files</Filter>
    </ClInclude>
    <ClInclude Include="src\shaders\ShaderProgram.h">
      <Filter>Header Files</Filter>
    </ClInclude>
    <ClInclude Include="src\soil\SOIL.h">
      <Filter>Header Files</Filter>
    </ClInclude>
    <ClInclude Include="src\shaders\testIPShader\TestIPShader.h">
      <Filter>Header Files</Filter>
    </ClInclude>
    <ClInclude Include="src\shaders\Shaders.h">
      <Filter>Header Files</Filter>
    </ClInclude>
    <ClInclude Include="src\shaders\monoColorTest\MonoColorShader.h">
      <Filter>Header Files</Filter>
    </ClInclude>
    <ClInclude Include="src\shaders\BrightnessShader\BrightnessShader.h">
      <Filter>Header Files</Filter>
    </ClInclude>
  </ItemGroup>
  <ItemGroup>
    <Library Include="src\soil\SOIL.lib" />
  </ItemGroup>
</Project>